
Microsoft Visual Studio Solution File, Format Version 12.00
# Visual Studio 2012
Project("{FAE04EC0-301F-11D3-BF4B-00C04F79EFBC}") = "Farmarcas.Radar.Import", "Farmarcas.Radar.Import\Farmarcas.Radar.Import.csproj", "{367B53B7-E6C3-4E0E-BD3B-A0B0685BFE67}"
EndProject
Global
	GlobalSection(SolutionConfigurationPlatforms) = preSolution
		Debug|Any CPU = Debug|Any CPU
		Release|Any CPU = Release|Any CPU
	EndGlobalSection
	GlobalSection(ProjectConfigurationPlatforms) = postSolution
		{367B53B7-E6C3-4E0E-BD3B-A0B0685BFE67}.Debug|Any CPU.ActiveCfg = Debug|Any CPU
		{367B53B7-E6C3-4E0E-BD3B-A0B0685BFE67}.Debug|Any CPU.Build.0 = Debug|Any CPU
		{367B53B7-E6C3-4E0E-BD3B-A0B0685BFE67}.Release|Any CPU.ActiveCfg = Release|Any CPU
		{367B53B7-E6C3-4E0E-BD3B-A0B0685BFE67}.Release|Any CPU.Build.0 = Release|Any CPU
	EndGlobalSection
EndGlobal
